// !$*UTF8*$!
{
	archiveVersion = 1;
	classes = {
	};
	objectVersion = 51;
	objects = {

/* Begin PBXBuildFile section */
		8AA50F655989BD0FBC1AD2AC /* Pods_Parstagram.framework in Frameworks */ = {isa = PBXBuildFile; fileRef = D765567D37FD17849282C5AB /* Pods_Parstagram.framework */; };
		8F53677B2543CF4000A464B9 /* CameraViewController.swift in Sources */ = {isa = PBXBuildFile; fileRef = 8F53677A2543CF4000A464B9 /* CameraViewController.swift */; };
		8F53677D2543DDA500A464B9 /* PostCell.swift in Sources */ = {isa = PBXBuildFile; fileRef = 8F53677C2543DDA500A464B9 /* PostCell.swift */; };
		8FCDA4942543C16500361C30 /* AppDelegate.swift in Sources */ = {isa = PBXBuildFile; fileRef = 8FCDA4932543C16500361C30 /* AppDelegate.swift */; };
		8FCDA4962543C16500361C30 /* SceneDelegate.swift in Sources */ = {isa = PBXBuildFile; fileRef = 8FCDA4952543C16500361C30 /* SceneDelegate.swift */; };
		8FCDA49B2543C16500361C30 /* Main.storyboard in Resources */ = {isa = PBXBuildFile; fileRef = 8FCDA4992543C16500361C30 /* Main.storyboard */; };
		8FCDA49D2543C16700361C30 /* Assets.xcassets in Resources */ = {isa = PBXBuildFile; fileRef = 8FCDA49C2543C16700361C30 /* Assets.xcassets */; };
		8FCDA4A02543C16700361C30 /* LaunchScreen.storyboard in Resources */ = {isa = PBXBuildFile; fileRef = 8FCDA49E2543C16700361C30 /* LaunchScreen.storyboard */; };
		8FCDA4AB2543C16700361C30 /* ParstagramTests.swift in Sources */ = {isa = PBXBuildFile; fileRef = 8FCDA4AA2543C16700361C30 /* ParstagramTests.swift */; };
		8FCDA4B62543C16700361C30 /* ParstagramUITests.swift in Sources */ = {isa = PBXBuildFile; fileRef = 8FCDA4B52543C16700361C30 /* ParstagramUITests.swift */; };
		8FCDA4C82543C2B600361C30 /* LoginViewController.swift in Sources */ = {isa = PBXBuildFile; fileRef = 8FCDA4C72543C2B600361C30 /* LoginViewController.swift */; };
		8FCDA4CA2543C2C200361C30 /* FeedViewController.swift in Sources */ = {isa = PBXBuildFile; fileRef = 8FCDA4C92543C2C200361C30 /* FeedViewController.swift */; };
/* End PBXBuildFile section */

/* Begin PBXContainerItemProxy section */
		8FCDA4A72543C16700361C30 /* PBXContainerItemProxy */ = {
			isa = PBXContainerItemProxy;
			containerPortal = 8FCDA4882543C16400361C30 /* Project object */;
			proxyType = 1;
			remoteGlobalIDString = 8FCDA48F2543C16500361C30;
			remoteInfo = Parstagram;
		};
		8FCDA4B22543C16700361C30 /* PBXContainerItemProxy */ = {
			isa = PBXContainerItemProxy;
			containerPortal = 8FCDA4882543C16400361C30 /* Project object */;
			proxyType = 1;
			remoteGlobalIDString = 8FCDA48F2543C16500361C30;
			remoteInfo = Parstagram;
		};
/* End PBXContainerItemProxy section */

/* Begin PBXFileReference section */
		865D3B9A6A5CF05222BA0F74 /* Pods-Parstagram.debug.xcconfig */ = {isa = PBXFileReference; includeInIndex = 1; lastKnownFileType = text.xcconfig; name = "Pods-Parstagram.debug.xcconfig"; path = "Target Support Files/Pods-Parstagram/Pods-Parstagram.debug.xcconfig"; sourceTree = "<group>"; };
		8F53677A2543CF4000A464B9 /* CameraViewController.swift */ = {isa = PBXFileReference; lastKnownFileType = sourcecode.swift; path = CameraViewController.swift; sourceTree = "<group>"; };
		8F53677C2543DDA500A464B9 /* PostCell.swift */ = {isa = PBXFileReference; lastKnownFileType = sourcecode.swift; path = PostCell.swift; sourceTree = "<group>"; };
		8FCDA4902543C16500361C30 /* Parstagram.app */ = {isa = PBXFileReference; explicitFileType = wrapper.application; includeInIndex = 0; path = Parstagram.app; sourceTree = BUILT_PRODUCTS_DIR; };
		8FCDA4932543C16500361C30 /* AppDelegate.swift */ = {isa = PBXFileReference; lastKnownFileType = sourcecode.swift; path = AppDelegate.swift; sourceTree = "<group>"; };
		8FCDA4952543C16500361C30 /* SceneDelegate.swift */ = {isa = PBXFileReference; lastKnownFileType = sourcecode.swift; path = SceneDelegate.swift; sourceTree = "<group>"; };
		8FCDA49A2543C16500361C30 /* Base */ = {isa = PBXFileReference; lastKnownFileType = file.storyboard; name = Base; path = Base.lproj/Main.storyboard; sourceTree = "<group>"; };
		8FCDA49C2543C16700361C30 /* Assets.xcassets */ = {isa = PBXFileReference; lastKnownFileType = folder.assetcatalog; path = Assets.xcassets; sourceTree = "<group>"; };
		8FCDA49F2543C16700361C30 /* Base */ = {isa = PBXFileReference; lastKnownFileType = file.storyboard; name = Base; path = Base.lproj/LaunchScreen.storyboard; sourceTree = "<group>"; };
		8FCDA4A12543C16700361C30 /* Info.plist */ = {isa = PBXFileReference; lastKnownFileType = text.plist.xml; path = Info.plist; sourceTree = "<group>"; };
		8FCDA4A62543C16700361C30 /* ParstagramTests.xctest */ = {isa = PBXFileReference; explicitFileType = wrapper.cfbundle; includeInIndex = 0; path = ParstagramTests.xctest; sourceTree = BUILT_PRODUCTS_DIR; };
		8FCDA4AA2543C16700361C30 /* ParstagramTests.swift */ = {isa = PBXFileReference; lastKnownFileType = sourcecode.swift; path = ParstagramTests.swift; sourceTree = "<group>"; };
		8FCDA4AC2543C16700361C30 /* Info.plist */ = {isa = PBXFileReference; lastKnownFileType = text.plist.xml; path = Info.plist; sourceTree = "<group>"; };
		8FCDA4B12543C16700361C30 /* ParstagramUITests.xctest */ = {isa = PBXFileReference; explicitFileType = wrapper.cfbundle; includeInIndex = 0; path = ParstagramUITests.xctest; sourceTree = BUILT_PRODUCTS_DIR; };
		8FCDA4B52543C16700361C30 /* ParstagramUITests.swift */ = {isa = PBXFileReference; lastKnownFileType = sourcecode.swift; path = ParstagramUITests.swift; sourceTree = "<group>"; };
		8FCDA4B72543C16700361C30 /* Info.plist */ = {isa = PBXFileReference; lastKnownFileType = text.plist.xml; path = Info.plist; sourceTree = "<group>"; };
		8FCDA4C72543C2B600361C30 /* LoginViewController.swift */ = {isa = PBXFileReference; lastKnownFileType = sourcecode.swift; path = LoginViewController.swift; sourceTree = "<group>"; };
		8FCDA4C92543C2C200361C30 /* FeedViewController.swift */ = {isa = PBXFileReference; lastKnownFileType = sourcecode.swift; path = FeedViewController.swift; sourceTree = "<group>"; };
		D765567D37FD17849282C5AB /* Pods_Parstagram.framework */ = {isa = PBXFileReference; explicitFileType = wrapper.framework; includeInIndex = 0; path = Pods_Parstagram.framework; sourceTree = BUILT_PRODUCTS_DIR; };
		E570A8341A0ED51CBE07164F /* Pods-Parstagram.release.xcconfig */ = {isa = PBXFileReference; includeInIndex = 1; lastKnownFileType = text.xcconfig; name = "Pods-Parstagram.release.xcconfig"; path = "Target Support Files/Pods-Parstagram/Pods-Parstagram.release.xcconfig"; sourceTree = "<group>"; };
/* End PBXFileReference section */

/* Begin PBXFrameworksBuildPhase section */
		8FCDA48D2543C16500361C30 /* Frameworks */ = {
			isa = PBXFrameworksBuildPhase;
			buildActionMask = 2147483647;
			files = (
				8AA50F655989BD0FBC1AD2AC /* Pods_Parstagram.framework in Frameworks */,
			);
			runOnlyForDeploymentPostprocessing = 0;
		};
		8FCDA4A32543C16700361C30 /* Frameworks */ = {
			isa = PBXFrameworksBuildPhase;
			buildActionMask = 2147483647;
			files = (
			);
			runOnlyForDeploymentPostprocessing = 0;
		};
		8FCDA4AE2543C16700361C30 /* Frameworks */ = {
			isa = PBXFrameworksBuildPhase;
			buildActionMask = 2147483647;
			files = (
			);
			runOnlyForDeploymentPostprocessing = 0;
		};
/* End PBXFrameworksBuildPhase section */

/* Begin PBXGroup section */
		2857C9A8843F17E1E4E804D8 /* Pods */ = {
			isa = PBXGroup;
			children = (
				865D3B9A6A5CF05222BA0F74 /* Pods-Parstagram.debug.xcconfig */,
				E570A8341A0ED51CBE07164F /* Pods-Parstagram.release.xcconfig */,
			);
			path = Pods;
			sourceTree = "<group>";
		};
		8FCDA4872543C16400361C30 = {
			isa = PBXGroup;
			children = (
				8FCDA4922543C16500361C30 /* Parstagram */,
				8FCDA4A92543C16700361C30 /* ParstagramTests */,
				8FCDA4B42543C16700361C30 /* ParstagramUITests */,
				8FCDA4912543C16500361C30 /* Products */,
				2857C9A8843F17E1E4E804D8 /* Pods */,
				C946A2E8204BDC88F979D8CD /* Frameworks */,
			);
			sourceTree = "<group>";
		};
		8FCDA4912543C16500361C30 /* Products */ = {
			isa = PBXGroup;
			children = (
				8FCDA4902543C16500361C30 /* Parstagram.app */,
				8FCDA4A62543C16700361C30 /* ParstagramTests.xctest */,
				8FCDA4B12543C16700361C30 /* ParstagramUITests.xctest */,
			);
			name = Products;
			sourceTree = "<group>";
		};
		8FCDA4922543C16500361C30 /* Parstagram */ = {
			isa = PBXGroup;
			children = (
				8FCDA4932543C16500361C30 /* AppDelegate.swift */,
				8FCDA4952543C16500361C30 /* SceneDelegate.swift */,
				8FCDA4992543C16500361C30 /* Main.storyboard */,
				8FCDA49C2543C16700361C30 /* Assets.xcassets */,
				8FCDA49E2543C16700361C30 /* LaunchScreen.storyboard */,
				8FCDA4A12543C16700361C30 /* Info.plist */,
				8FCDA4C72543C2B600361C30 /* LoginViewController.swift */,
				8FCDA4C92543C2C200361C30 /* FeedViewController.swift */,
				8F53677A2543CF4000A464B9 /* CameraViewController.swift */,
				8F53677C2543DDA500A464B9 /* PostCell.swift */,
			);
			path = Parstagram;
			sourceTree = "<group>";
		};
		8FCDA4A92543C16700361C30 /* ParstagramTests */ = {
			isa = PBXGroup;
			children = (
				8FCDA4AA2543C16700361C30 /* ParstagramTests.swift */,
				8FCDA4AC2543C16700361C30 /* Info.plist */,
			);
			path = ParstagramTests;
			sourceTree = "<group>";
		};
		8FCDA4B42543C16700361C30 /* ParstagramUITests */ = {
			isa = PBXGroup;
			children = (
				8FCDA4B52543C16700361C30 /* ParstagramUITests.swift */,
				8FCDA4B72543C16700361C30 /* Info.plist */,
			);
			path = ParstagramUITests;
			sourceTree = "<group>";
		};
		C946A2E8204BDC88F979D8CD /* Frameworks */ = {
			isa = PBXGroup;
			children = (
				D765567D37FD17849282C5AB /* Pods_Parstagram.framework */,
			);
			name = Frameworks;
			sourceTree = "<group>";
		};
/* End PBXGroup section */

/* Begin PBXNativeTarget section */
		8FCDA48F2543C16500361C30 /* Parstagram */ = {
			isa = PBXNativeTarget;
			buildConfigurationList = 8FCDA4BA2543C16700361C30 /* Build configuration list for PBXNativeTarget "Parstagram" */;
			buildPhases = (
				6D415679170325332505BA80 /* [CP] Check Pods Manifest.lock */,
				8FCDA48C2543C16500361C30 /* Sources */,
				8FCDA48D2543C16500361C30 /* Frameworks */,
				8FCDA48E2543C16500361C30 /* Resources */,
				2FF3F5ECFD05403CA0D61366 /* [CP] Embed Pods Frameworks */,
			);
			buildRules = (
			);
			dependencies = (
			);
			name = Parstagram;
			productName = Parstagram;
			productReference = 8FCDA4902543C16500361C30 /* Parstagram.app */;
			productType = "com.apple.product-type.application";
		};
		8FCDA4A52543C16700361C30 /* ParstagramTests */ = {
			isa = PBXNativeTarget;
			buildConfigurationList = 8FCDA4BD2543C16700361C30 /* Build configuration list for PBXNativeTarget "ParstagramTests" */;
			buildPhases = (
				8FCDA4A22543C16700361C30 /* Sources */,
				8FCDA4A32543C16700361C30 /* Frameworks */,
				8FCDA4A42543C16700361C30 /* Resources */,
			);
			buildRules = (
			);
			dependencies = (
				8FCDA4A82543C16700361C30 /* PBXTargetDependency */,
			);
			name = ParstagramTests;
			productName = ParstagramTests;
			productReference = 8FCDA4A62543C16700361C30 /* ParstagramTests.xctest */;
			productType = "com.apple.product-type.bundle.unit-test";
		};
		8FCDA4B02543C16700361C30 /* ParstagramUITests */ = {
			isa = PBXNativeTarget;
			buildConfigurationList = 8FCDA4C02543C16700361C30 /* Build configuration list for PBXNativeTarget "ParstagramUITests" */;
			buildPhases = (
				8FCDA4AD2543C16700361C30 /* Sources */,
				8FCDA4AE2543C16700361C30 /* Frameworks */,
				8FCDA4AF2543C16700361C30 /* Resources */,
			);
			buildRules = (
			);
			dependencies = (
				8FCDA4B32543C16700361C30 /* PBXTargetDependency */,
			);
			name = ParstagramUITests;
			productName = ParstagramUITests;
			productReference = 8FCDA4B12543C16700361C30 /* ParstagramUITests.xctest */;
			productType = "com.apple.product-type.bundle.ui-testing";
		};
/* End PBXNativeTarget section */

/* Begin PBXProject section */
		8FCDA4882543C16400361C30 /* Project object */ = {
			isa = PBXProject;
			attributes = {
				LastSwiftUpdateCheck = 1160;
				LastUpgradeCheck = 1160;
				ORGANIZATIONNAME = CodePath;
				TargetAttributes = {
					8FCDA48F2543C16500361C30 = {
						CreatedOnToolsVersion = 11.6;
					};
					8FCDA4A52543C16700361C30 = {
						CreatedOnToolsVersion = 11.6;
						TestTargetID = 8FCDA48F2543C16500361C30;
					};
					8FCDA4B02543C16700361C30 = {
						CreatedOnToolsVersion = 11.6;
						TestTargetID = 8FCDA48F2543C16500361C30;
					};
				};
			};
			buildConfigurationList = 8FCDA48B2543C16400361C30 /* Build configuration list for PBXProject "Parstagram" */;
			compatibilityVersion = "Xcode 9.3";
			developmentRegion = en;
			hasScannedForEncodings = 0;
			knownRegions = (
				en,
				Base,
			);
			mainGroup = 8FCDA4872543C16400361C30;
			productRefGroup = 8FCDA4912543C16500361C30 /* Products */;
			projectDirPath = "";
			projectRoot = "";
			targets = (
				8FCDA48F2543C16500361C30 /* Parstagram */,
				8FCDA4A52543C16700361C30 /* ParstagramTests */,
				8FCDA4B02543C16700361C30 /* ParstagramUITests */,
			);
		};
/* End PBXProject section */

/* Begin PBXResourcesBuildPhase section */
		8FCDA48E2543C16500361C30 /* Resources */ = {
			isa = PBXResourcesBuildPhase;
			buildActionMask = 2147483647;
			files = (
				8FCDA4A02543C16700361C30 /* LaunchScreen.storyboard in Resources */,
				8FCDA49D2543C16700361C30 /* Assets.xcassets in Resources */,
				8FCDA49B2543C16500361C30 /* Main.storyboard in Resources */,
			);
			runOnlyForDeploymentPostprocessing = 0;
		};
		8FCDA4A42543C16700361C30 /* Resources */ = {
			isa = PBXResourcesBuildPhase;
			buildActionMask = 2147483647;
			files = (
			);
			runOnlyForDeploymentPostprocessing = 0;
		};
		8FCDA4AF2543C16700361C30 /* Resources */ = {
			isa = PBXResourcesBuildPhase;
			buildActionMask = 2147483647;
			files = (
			);
			runOnlyForDeploymentPostprocessing = 0;
		};
/* End PBXResourcesBuildPhase section */

/* Begin PBXShellScriptBuildPhase section */
		2FF3F5ECFD05403CA0D61366 /* [CP] Embed Pods Frameworks */ = {
			isa = PBXShellScriptBuildPhase;
			buildActionMask = 2147483647;
			files = (
			);
			inputFileListPaths = (
				"${PODS_ROOT}/Target Support Files/Pods-Parstagram/Pods-Parstagram-frameworks-${CONFIGURATION}-input-files.xcfilelist",
			);
			name = "[CP] Embed Pods Frameworks";
			outputFileListPaths = (
				"${PODS_ROOT}/Target Support Files/Pods-Parstagram/Pods-Parstagram-frameworks-${CONFIGURATION}-output-files.xcfilelist",
			);
			runOnlyForDeploymentPostprocessing = 0;
			shellPath = /bin/sh;
			shellScript = "\"${PODS_ROOT}/Target Support Files/Pods-Parstagram/Pods-Parstagram-frameworks.sh\"\n";
			showEnvVarsInLog = 0;
		};
		6D415679170325332505BA80 /* [CP] Check Pods Manifest.lock */ = {
			isa = PBXShellScriptBuildPhase;
			buildActionMask = 2147483647;
			files = (
			);
			inputFileListPaths = (
			);
			inputPaths = (
				"${PODS_PODFILE_DIR_PATH}/Podfile.lock",
				"${PODS_ROOT}/Manifest.lock",
			);
			name = "[CP] Check Pods Manifest.lock";
			outputFileListPaths = (
			);
			outputPaths = (
				"$(DERIVED_FILE_DIR)/Pods-Parstagram-checkManifestLockResult.txt",
			);
			runOnlyForDeploymentPostprocessing = 0;
			shellPath = /bin/sh;
			shellScript = "diff \"${PODS_PODFILE_DIR_PATH}/Podfile.lock\" \"${PODS_ROOT}/Manifest.lock\" > /dev/null\nif [ $? != 0 ] ; then\n    # print error to STDERR\n    echo \"error: The sandbox is not in sync with the Podfile.lock. Run 'pod install' or update your CocoaPods installation.\" >&2\n    exit 1\nfi\n# This output is used by Xcode 'outputs' to avoid re-running this script phase.\necho \"SUCCESS\" > \"${SCRIPT_OUTPUT_FILE_0}\"\n";
			showEnvVarsInLog = 0;
		};
/* End PBXShellScriptBuildPhase section */

/* Begin PBXSourcesBuildPhase section */
		8FCDA48C2543C16500361C30 /* Sources */ = {
			isa = PBXSourcesBuildPhase;
			buildActionMask = 2147483647;
			files = (
				8FCDA4C82543C2B600361C30 /* LoginViewController.swift in Sources */,
				8F53677B2543CF4000A464B9 /* CameraViewController.swift in Sources */,
				8FCDA4942543C16500361C30 /* AppDelegate.swift in Sources */,
				8FCDA4CA2543C2C200361C30 /* FeedViewController.swift in Sources */,
				8FCDA4962543C16500361C30 /* SceneDelegate.swift in Sources */,
				8F53677D2543DDA500A464B9 /* PostCell.swift in Sources */,
			);
			runOnlyForDeploymentPostprocessing = 0;
		};
		8FCDA4A22543C16700361C30 /* Sources */ = {
			isa = PBXSourcesBuildPhase;
			buildActionMask = 2147483647;
			files = (
				8FCDA4AB2543C16700361C30 /* ParstagramTests.swift in Sources */,
			);
			runOnlyForDeploymentPostprocessing = 0;
		};
		8FCDA4AD2543C16700361C30 /* Sources */ = {
			isa = PBXSourcesBuildPhase;
			buildActionMask = 2147483647;
			files = (
				8FCDA4B62543C16700361C30 /* ParstagramUITests.swift in Sources */,
			);
			runOnlyForDeploymentPostprocessing = 0;
		};
/* End PBXSourcesBuildPhase section */

/* Begin PBXTargetDependency section */
		8FCDA4A82543C16700361C30 /* PBXTargetDependency */ = {
			isa = PBXTargetDependency;
			target = 8FCDA48F2543C16500361C30 /* Parstagram */;
			targetProxy = 8FCDA4A72543C16700361C30 /* PBXContainerItemProxy */;
		};
		8FCDA4B32543C16700361C30 /* PBXTargetDependency */ = {
			isa = PBXTargetDependency;
			target = 8FCDA48F2543C16500361C30 /* Parstagram */;
			targetProxy = 8FCDA4B22543C16700361C30 /* PBXContainerItemProxy */;
		};
/* End PBXTargetDependency section */

/* Begin PBXVariantGroup section */
		8FCDA4992543C16500361C30 /* Main.storyboard */ = {
			isa = PBXVariantGroup;
			children = (
				8FCDA49A2543C16500361C30 /* Base */,
			);
			name = Main.storyboard;
			sourceTree = "<group>";
		};
		8FCDA49E2543C16700361C30 /* LaunchScreen.storyboard */ = {
			isa = PBXVariantGroup;
			children = (
				8FCDA49F2543C16700361C30 /* Base */,
			);
			name = LaunchScreen.storyboard;
			sourceTree = "<group>";
		};
/* End PBXVariantGroup section */

/* Begin XCBuildConfiguration section */
		8FCDA4B82543C16700361C30 /* Debug */ = {
			isa = XCBuildConfiguration;
			buildSettings = {
				ALWAYS_SEARCH_USER_PATHS = NO;
				CLANG_ANALYZER_NONNULL = YES;
				CLANG_ANALYZER_NUMBER_OBJECT_CONVERSION = YES_AGGRESSIVE;
				CLANG_CXX_LANGUAGE_STANDARD = "gnu++14";
				CLANG_CXX_LIBRARY = "libc++";
				CLANG_ENABLE_MODULES = YES;
				CLANG_ENABLE_OBJC_ARC = YES;
				CLANG_ENABLE_OBJC_WEAK = YES;
				CLANG_WARN_BLOCK_CAPTURE_AUTORELEASING = YES;
				CLANG_WARN_BOOL_CONVERSION = YES;
				CLANG_WARN_COMMA = YES;
				CLANG_WARN_CONSTANT_CONVERSION = YES;
				CLANG_WARN_DEPRECATED_OBJC_IMPLEMENTATIONS = YES;
				CLANG_WARN_DIRECT_OBJC_ISA_USAGE = YES_ERROR;
				CLANG_WARN_DOCUMENTATION_COMMENTS = YES;
				CLANG_WARN_EMPTY_BODY = YES;
				CLANG_WARN_ENUM_CONVERSION = YES;
				CLANG_WARN_INFINITE_RECURSION = YES;
				CLANG_WARN_INT_CONVERSION = YES;
				CLANG_WARN_NON_LITERAL_NULL_CONVERSION = YES;
				CLANG_WARN_OBJC_IMPLICIT_RETAIN_SELF = YES;
				CLANG_WARN_OBJC_LITERAL_CONVERSION = YES;
				CLANG_WARN_OBJC_ROOT_CLASS = YES_ERROR;
				CLANG_WARN_RANGE_LOOP_ANALYSIS = YES;
				CLANG_WARN_STRICT_PROTOTYPES = YES;
				CLANG_WARN_SUSPICIOUS_MOVE = YES;
				CLANG_WARN_UNGUARDED_AVAILABILITY = YES_AGGRESSIVE;
				CLANG_WARN_UNREACHABLE_CODE = YES;
				CLANG_WARN__DUPLICATE_METHOD_MATCH = YES;
				COPY_PHASE_STRIP = NO;
				DEBUG_INFORMATION_FORMAT = dwarf;
				ENABLE_STRICT_OBJC_MSGSEND = YES;
				ENABLE_TESTABILITY = YES;
				GCC_C_LANGUAGE_STANDARD = gnu11;
				GCC_DYNAMIC_NO_PIC = NO;
				GCC_NO_COMMON_BLOCKS = YES;
				GCC_OPTIMIZATION_LEVEL = 0;
				GCC_PREPROCESSOR_DEFINITIONS = (
					"DEBUG=1",
					"$(inherited)",
				);
				GCC_WARN_64_TO_32_BIT_CONVERSION = YES;
				GCC_WARN_ABOUT_RETURN_TYPE = YES_ERROR;
				GCC_WARN_UNDECLARED_SELECTOR = YES;
				GCC_WARN_UNINITIALIZED_AUTOS = YES_AGGRESSIVE;
				GCC_WARN_UNUSED_FUNCTION = YES;
				GCC_WARN_UNUSED_VARIABLE = YES;
				IPHONEOS_DEPLOYMENT_TARGET = 13.6;
				MTL_ENABLE_DEBUG_INFO = INCLUDE_SOURCE;
				MTL_FAST_MATH = YES;
				ONLY_ACTIVE_ARCH = YES;
				SDKROOT = iphoneos;
				SWIFT_ACTIVE_COMPILATION_CONDITIONS = DEBUG;
				SWIFT_OPTIMIZATION_LEVEL = "-Onone";
			};
			name = Debug;
		};
		8FCDA4B92543C16700361C30 /* Release */ = {
			isa = XCBuildConfiguration;
			buildSettings = {
				ALWAYS_SEARCH_USER_PATHS = NO;
				CLANG_ANALYZER_NONNULL = YES;
				CLANG_ANALYZER_NUMBER_OBJECT_CONVERSION = YES_AGGRESSIVE;
				CLANG_CXX_LANGUAGE_STANDARD = "gnu++14";
				CLANG_CXX_LIBRARY = "libc++";
				CLANG_ENABLE_MODULES = YES;
				CLANG_ENABLE_OBJC_ARC = YES;
				CLANG_ENABLE_OBJC_WEAK = YES;
				CLANG_WARN_BLOCK_CAPTURE_AUTORELEASING = YES;
				CLANG_WARN_BOOL_CONVERSION = YES;
				CLANG_WARN_COMMA = YES;
				CLANG_WARN_CONSTANT_CONVERSION = YES;
				CLANG_WARN_DEPRECATED_OBJC_IMPLEMENTATIONS = YES;
				CLANG_WARN_DIRECT_OBJC_ISA_USAGE = YES_ERROR;
				CLANG_WARN_DOCUMENTATION_COMMENTS = YES;
				CLANG_WARN_EMPTY_BODY = YES;
				CLANG_WARN_ENUM_CONVERSION = YES;
				CLANG_WARN_INFINITE_RECURSION = YES;
				CLANG_WARN_INT_CONVERSION = YES;
				CLANG_WARN_NON_LITERAL_NULL_CONVERSION = YES;
				CLANG_WARN_OBJC_IMPLICIT_RETAIN_SELF = YES;
				CLANG_WARN_OBJC_LITERAL_CONVERSION = YES;
				CLANG_WARN_OBJC_ROOT_CLASS = YES_ERROR;
				CLANG_WARN_RANGE_LOOP_ANALYSIS = YES;
				CLANG_WARN_STRICT_PROTOTYPES = YES;
				CLANG_WARN_SUSPICIOUS_MOVE = YES;
				CLANG_WARN_UNGUARDED_AVAILABILITY = YES_AGGRESSIVE;
				CLANG_WARN_UNREACHABLE_CODE = YES;
				CLANG_WARN__DUPLICATE_METHOD_MATCH = YES;
				COPY_PHASE_STRIP = NO;
				DEBUG_INFORMATION_FORMAT = "dwarf-with-dsym";
				ENABLE_NS_ASSERTIONS = NO;
				ENABLE_STRICT_OBJC_MSGSEND = YES;
				GCC_C_LANGUAGE_STANDARD = gnu11;
				GCC_NO_COMMON_BLOCKS = YES;
				GCC_WARN_64_TO_32_BIT_CONVERSION = YES;
				GCC_WARN_ABOUT_RETURN_TYPE = YES_ERROR;
				GCC_WARN_UNDECLARED_SELECTOR = YES;
				GCC_WARN_UNINITIALIZED_AUTOS = YES_AGGRESSIVE;
				GCC_WARN_UNUSED_FUNCTION = YES;
				GCC_WARN_UNUSED_VARIABLE = YES;
				IPHONEOS_DEPLOYMENT_TARGET = 13.6;
				MTL_ENABLE_DEBUG_INFO = NO;
				MTL_FAST_MATH = YES;
				SDKROOT = iphoneos;
				SWIFT_COMPILATION_MODE = wholemodule;
				SWIFT_OPTIMIZATION_LEVEL = "-O";
				VALIDATE_PRODUCT = YES;
			};
			name = Release;
		};
		8FCDA4BB2543C16700361C30 /* Debug */ = {
			isa = XCBuildConfiguration;
			baseConfigurationReference = 865D3B9A6A5CF05222BA0F74 /* Pods-Parstagram.debug.xcconfig */;
			buildSettings = {
				ASSETCATALOG_COMPILER_APPICON_NAME = AppIcon;
				CODE_SIGN_STYLE = Automatic;
				INFOPLIST_FILE = Parstagram/Info.plist;
				LD_RUNPATH_SEARCH_PATHS = (
					"$(inherited)",
					"@executable_path/Frameworks",
				);
				PRODUCT_BUNDLE_IDENTIFIER = CodePath.Parstagram;
				PRODUCT_NAME = "$(TARGET_NAME)";
				SWIFT_VERSION = 5.0;
				TARGETED_DEVICE_FAMILY = "1,2";
			};
			name = Debug;
		};
		8FCDA4BC2543C16700361C30 /* Release */ = {
			isa = XCBuildConfiguration;
			baseConfigurationReference = E570A8341A0ED51CBE07164F /* Pods-Parstagram.release.xcconfig */;
			buildSettings = {
				ASSETCATALOG_COMPILER_APPICON_NAME = AppIcon;
				CODE_SIGN_STYLE = Automatic;
				INFOPLIST_FILE = Parstagram/Info.plist;
				LD_RUNPATH_SEARCH_PATHS = (
					"$(inherited)",
					"@executable_path/Frameworks",
				);
				PRODUCT_BUNDLE_IDENTIFIER = CodePath.Parstagram;
				PRODUCT_NAME = "$(TARGET_NAME)";
				SWIFT_VERSION = 5.0;
				TARGETED_DEVICE_FAMILY = "1,2";
			};
			name = Release;
		};
		8FCDA4BE2543C16700361C30 /* Debug */ = {
			isa = XCBuildConfiguration;
			buildSettings = {
				ALWAYS_EMBED_SWIFT_STANDARD_LIBRARIES = YES;
				BUNDLE_LOADER = "$(TEST_HOST)";
				CODE_SIGN_STYLE = Automatic;
				INFOPLIST_FILE = ParstagramTests/Info.plist;
				IPHONEOS_DEPLOYMENT_TARGET = 13.6;
				LD_RUNPATH_SEARCH_PATHS = (
					"$(inherited)",
					"@executable_path/Frameworks",
					"@loader_path/Frameworks",
				);
				PRODUCT_BUNDLE_IDENTIFIER = CodePath.ParstagramTests;
				PRODUCT_NAME = "$(TARGET_NAME)";
				SWIFT_VERSION = 5.0;
				TARGETED_DEVICE_FAMILY = "1,2";
				TEST_HOST = "$(BUILT_PRODUCTS_DIR)/Parstagram.app/Parstagram";
			};
			name = Debug;
		};
		8FCDA4BF2543C16700361C30 /* Release */ = {
			isa = XCBuildConfiguration;
			buildSettings = {
				ALWAYS_EMBED_SWIFT_STANDARD_LIBRARIES = YES;
				BUNDLE_LOADER = "$(TEST_HOST)";
				CODE_SIGN_STYLE = Automatic;
				INFOPLIST_FILE = ParstagramTests/Info.plist;
				IPHONEOS_DEPLOYMENT_TARGET = 13.6;
				LD_RUNPATH_SEARCH_PATHS = (
					"$(inherited)",
					"@executable_path/Frameworks",
					"@loader_path/Frameworks",
				);
				PRODUCT_BUNDLE_IDENTIFIER = CodePath.ParstagramTests;
				PRODUCT_NAME = "$(TARGET_NAME)";
				SWIFT_VERSION = 5.0;
				TARGETED_DEVICE_FAMILY = "1,2";
				TEST_HOST = "$(BUILT_PRODUCTS_DIR)/Parstagram.app/Parstagram";
			};
			name = Release;
		};
		8FCDA4C12543C16700361C30 /* Debug */ = {
			isa = XCBuildConfiguration;
			buildSettings = {
				ALWAYS_EMBED_SWIFT_STANDARD_LIBRARIES = YES;
				CODE_SIGN_STYLE = Automatic;
				INFOPLIST_FILE = ParstagramUITests/Info.plist;
				LD_RUNPATH_SEARCH_PATHS = (
					"$(inherited)",
					"@executable_path/Frameworks",
					"@loader_path/Frameworks",
				);
				PRODUCT_BUNDLE_IDENTIFIER = CodePath.ParstagramUITests;
				PRODUCT_NAME = "$(TARGET_NAME)";
				SWIFT_VERSION = 5.0;
				TARGETED_DEVICE_FAMILY = "1,2";
				TEST_TARGET_NAME = Parstagram;
			};
			name = Debug;
		};
		8FCDA4C22543C16700361C30 /* Release */ = {
			isa = XCBuildConfiguration;
			buildSettings = {
				ALWAYS_EMBED_SWIFT_STANDARD_LIBRARIES = YES;
				CODE_SIGN_STYLE = Automatic;
				INFOPLIST_FILE = ParstagramUITests/Info.plist;
				LD_RUNPATH_SEARCH_PATHS = (
					"$(inherited)",
					"@executable_path/Frameworks",
					"@loader_path/Frameworks",
				);
				PRODUCT_BUNDLE_IDENTIFIER = CodePath.ParstagramUITests;
				PRODUCT_NAME = "$(TARGET_NAME)";
				SWIFT_VERSION = 5.0;
				TARGETED_DEVICE_FAMILY = "1,2";
				TEST_TARGET_NAME = Parstagram;
			};
			name = Release;
		};
/* End XCBuildConfiguration section */

/* Begin XCConfigurationList section */
		8FCDA48B2543C16400361C30 /* Build configuration list for PBXProject "Parstagram" */ = {
			isa = XCConfigurationList;
			buildConfigurations = (
				8FCDA4B82543C16700361C30 /* Debug */,
				8FCDA4B92543C16700361C30 /* Release */,
			);
			defaultConfigurationIsVisible = 0;
			defaultConfigurationName = Release;
		};
		8FCDA4BA2543C16700361C30 /* Build configuration list for PBXNativeTarget "Parstagram" */ = {
			isa = XCConfigurationList;
			buildConfigurations = (
				8FCDA4BB2543C16700361C30 /* Debug */,
				8FCDA4BC2543C16700361C30 /* Release */,
			);
			defaultConfigurationIsVisible = 0;
			defaultConfigurationName = Release;
		};
		8FCDA4BD2543C16700361C30 /* Build configuration list for PBXNativeTarget "ParstagramTests" */ = {
			isa = XCConfigurationList;
			buildConfigurations = (
				8FCDA4BE2543C16700361C30 /* Debug */,
				8FCDA4BF2543C16700361C30 /* Release */,
			);
			defaultConfigurationIsVisible = 0;
			defaultConfigurationName = Release;
		};
		8FCDA4C02543C16700361C30 /* Build configuration list for PBXNativeTarget "ParstagramUITests" */ = {
			isa = XCConfigurationList;
			buildConfigurations = (
				8FCDA4C12543C16700361C30 /* Debug */,
				8FCDA4C22543C16700361C30 /* Release */,
			);
			defaultConfigurationIsVisible = 0;
			defaultConfigurationName = Release;
		};
/* End XCConfigurationList section */
	};
	rootObject = 8FCDA4882543C16400361C30 /* Project object */;
}
